
Microsoft Visual Studio Solution File, Format Version 12.00
# Visual Studio Version 16
VisualStudioVersion = 16.0.30114.105
MinimumVisualStudioVersion = 10.0.40219.1
Project("{FAE04EC0-301F-11D3-BF4B-00C04F79EFBC}") = "ExchangeRate.API", "ExchangeRate.API\ExchangeRate.API.csproj", "{7B48AA40-B0F1-43D4-826F-4247C1734304}"
EndProject
Project("{FAE04EC0-301F-11D3-BF4B-00C04F79EFBC}") = "ExchangeRate.Service", "ExchangeRate.Service\ExchangeRate.Service.csproj", "{4BB06FA5-5F9C-41AA-AFB2-442B2C4ECA95}"
EndProject
Project("{FAE04EC0-301F-11D3-BF4B-00C04F79EFBC}") = "ExchangeRate.Model", "ExchangeRate.Model\ExchangeRate.Model.csproj", "{AD856C06-A91B-4B61-912E-6CB84BD35151}"
EndProject
Project("{FAE04EC0-301F-11D3-BF4B-00C04F79EFBC}") = "ExchangeRate.Interface", "ExchangeRate.Interface\ExchangeRate.Interface.csproj", "{C9BC2547-4C0A-4838-83B2-3D117BB2BB5D}"
EndProject
Project("{FAE04EC0-301F-11D3-BF4B-00C04F79EFBC}") = "ExchangeRate.Infrastructure", "ExchangeRate.Infrastructure\ExchangeRate.Infrastructure.csproj", "{2132EAE6-070C-42D2-86D2-3AA18D948512}"
EndProject
Global
	GlobalSection(SolutionConfigurationPlatforms) = preSolution
		Debug|Any CPU = Debug|Any CPU
		Release|Any CPU = Release|Any CPU
	EndGlobalSection
	GlobalSection(SolutionProperties) = preSolution
		HideSolutionNode = FALSE
	EndGlobalSection
	GlobalSection(ProjectConfigurationPlatforms) = postSolution
		{7B48AA40-B0F1-43D4-826F-4247C1734304}.Debug|Any CPU.ActiveCfg = Debug|Any CPU
		{7B48AA40-B0F1-43D4-826F-4247C1734304}.Debug|Any CPU.Build.0 = Debug|Any CPU
		{7B48AA40-B0F1-43D4-826F-4247C1734304}.Release|Any CPU.ActiveCfg = Release|Any CPU
		{7B48AA40-B0F1-43D4-826F-4247C1734304}.Release|Any CPU.Build.0 = Release|Any CPU
		{4BB06FA5-5F9C-41AA-AFB2-442B2C4ECA95}.Debug|Any CPU.ActiveCfg = Debug|Any CPU
		{4BB06FA5-5F9C-41AA-AFB2-442B2C4ECA95}.Debug|Any CPU.Build.0 = Debug|Any CPU
		{4BB06FA5-5F9C-41AA-AFB2-442B2C4ECA95}.Release|Any CPU.ActiveCfg = Release|Any CPU
		{4BB06FA5-5F9C-41AA-AFB2-442B2C4ECA95}.Release|Any CPU.Build.0 = Release|Any CPU
		{AD856C06-A91B-4B61-912E-6CB84BD35151}.Debug|Any CPU.ActiveCfg = Debug|Any CPU
		{AD856C06-A91B-4B61-912E-6CB84BD35151}.Debug|Any CPU.Build.0 = Debug|Any CPU
		{AD856C06-A91B-4B61-912E-6CB84BD35151}.Release|Any CPU.ActiveCfg = Release|Any CPU
		{AD856C06-A91B-4B61-912E-6CB84BD35151}.Release|Any CPU.Build.0 = Release|Any CPU
		{C9BC2547-4C0A-4838-83B2-3D117BB2BB5D}.Debug|Any CPU.ActiveCfg = Debug|Any CPU
		{C9BC2547-4C0A-4838-83B2-3D117BB2BB5D}.Debug|Any CPU.Build.0 = Debug|Any CPU
		{C9BC2547-4C0A-4838-83B2-3D117BB2BB5D}.Release|Any CPU.ActiveCfg = Release|Any CPU
		{C9BC2547-4C0A-4838-83B2-3D117BB2BB5D}.Release|Any CPU.Build.0 = Release|Any CPU
		{2132EAE6-070C-42D2-86D2-3AA18D948512}.Debug|Any CPU.ActiveCfg = Debug|Any CPU
		{2132EAE6-070C-42D2-86D2-3AA18D948512}.Debug|Any CPU.Build.0 = Debug|Any CPU
		{2132EAE6-070C-42D2-86D2-3AA18D948512}.Release|Any CPU.ActiveCfg = Release|Any CPU
		{2132EAE6-070C-42D2-86D2-3AA18D948512}.Release|Any CPU.Build.0 = Release|Any CPU
	EndGlobalSection
EndGlobal
